
Microsoft Visual Studio Solution File, Format Version 12.00
# Visual Studio Version 17
VisualStudioVersion = 17.5.2.0
MinimumVisualStudioVersion = 10.0.40219.1
Project("{FAE04EC0-301F-11D3-BF4B-00C04F79EFBC}") = "PlayerBonusApi", "PlayerBonusApi\PlayerBonusApi.csproj", "{6B3EE6F2-8443-D3D8-742D-47F82D6272FD}"
EndProject
Project("{FAE04EC0-301F-11D3-BF4B-00C04F79EFBC}") = "PlayerBonusApi.Tests", "PlayerBonusApi.Tests\PlayerBonusApi.Tests.csproj", "{84E713EA-A7DA-4117-A0A5-8188CAB75ECB}"
EndProject
Global
	GlobalSection(SolutionConfigurationPlatforms) = preSolution
		Debug|Any CPU = Debug|Any CPU
		Debug|x64 = Debug|x64
		Debug|x86 = Debug|x86
		Release|Any CPU = Release|Any CPU
		Release|x64 = Release|x64
		Release|x86 = Release|x86
	EndGlobalSection
	GlobalSection(ProjectConfigurationPlatforms) = postSolution
		{6B3EE6F2-8443-D3D8-742D-47F82D6272FD}.Debug|Any CPU.ActiveCfg = Debug|Any CPU
		{6B3EE6F2-8443-D3D8-742D-47F82D6272FD}.Debug|Any CPU.Build.0 = Debug|Any CPU
		{6B3EE6F2-8443-D3D8-742D-47F82D6272FD}.Debug|x64.ActiveCfg = Debug|Any CPU
		{6B3EE6F2-8443-D3D8-742D-47F82D6272FD}.Debug|x64.Build.0 = Debug|Any CPU
		{6B3EE6F2-8443-D3D8-742D-47F82D6272FD}.Debug|x86.ActiveCfg = Debug|Any CPU
		{6B3EE6F2-8443-D3D8-742D-47F82D6272FD}.Debug|x86.Build.0 = Debug|Any CPU
		{6B3EE6F2-8443-D3D8-742D-47F82D6272FD}.Release|Any CPU.ActiveCfg = Release|Any CPU
		{6B3EE6F2-8443-D3D8-742D-47F82D6272FD}.Release|Any CPU.Build.0 = Release|Any CPU
		{6B3EE6F2-8443-D3D8-742D-47F82D6272FD}.Release|x64.ActiveCfg = Release|Any CPU
		{6B3EE6F2-8443-D3D8-742D-47F82D6272FD}.Release|x64.Build.0 = Release|Any CPU
		{6B3EE6F2-8443-D3D8-742D-47F82D6272FD}.Release|x86.ActiveCfg = Release|Any CPU
		{6B3EE6F2-8443-D3D8-742D-47F82D6272FD}.Release|x86.Build.0 = Release|Any CPU
		{84E713EA-A7DA-4117-A0A5-8188CAB75ECB}.Debug|Any CPU.ActiveCfg = Debug|Any CPU
		{84E713EA-A7DA-4117-A0A5-8188CAB75ECB}.Debug|Any CPU.Build.0 = Debug|Any CPU
		{84E713EA-A7DA-4117-A0A5-8188CAB75ECB}.Debug|x64.ActiveCfg = Debug|Any CPU
		{84E713EA-A7DA-4117-A0A5-8188CAB75ECB}.Debug|x64.Build.0 = Debug|Any CPU
		{84E713EA-A7DA-4117-A0A5-8188CAB75ECB}.Debug|x86.ActiveCfg = Debug|Any CPU
		{84E713EA-A7DA-4117-A0A5-8188CAB75ECB}.Debug|x86.Build.0 = Debug|Any CPU
		{84E713EA-A7DA-4117-A0A5-8188CAB75ECB}.Release|Any CPU.ActiveCfg = Release|Any CPU
		{84E713EA-A7DA-4117-A0A5-8188CAB75ECB}.Release|Any CPU.Build.0 = Release|Any CPU
		{84E713EA-A7DA-4117-A0A5-8188CAB75ECB}.Release|x64.ActiveCfg = Release|Any CPU
		{84E713EA-A7DA-4117-A0A5-8188CAB75ECB}.Release|x64.Build.0 = Release|Any CPU
		{84E713EA-A7DA-4117-A0A5-8188CAB75ECB}.Release|x86.ActiveCfg = Release|Any CPU
		{84E713EA-A7DA-4117-A0A5-8188CAB75ECB}.Release|x86.Build.0 = Release|Any CPU
	EndGlobalSection
	GlobalSection(SolutionProperties) = preSolution
		HideSolutionNode = FALSE
	EndGlobalSection
	GlobalSection(ExtensibilityGlobals) = postSolution
		SolutionGuid = {F7CEBD27-2896-499E-AEAC-DD11831CE3FC}
	EndGlobalSection
EndGlobal
